// !$*UTF8*$!
{
	archiveVersion = 1;
	classes = {
	};
	objectVersion = 50;
	objects = {

/* Begin PBXBuildFile section */
		71B4C976B3D6800C979F5CAA /* Pods_App_IOS.framework in Frameworks */ = {isa = PBXBuildFile; fileRef = 2DDDDD4004D2EAC16F4877BC /* Pods_App_IOS.framework */; };
		85EBC918246458D200A3A9FA /* AppDelegate.swift in Sources */ = {isa = PBXBuildFile; fileRef = 85EBC917246458D200A3A9FA /* AppDelegate.swift */; };
		85EBC91A246458D200A3A9FA /* SceneDelegate.swift in Sources */ = {isa = PBXBuildFile; fileRef = 85EBC919246458D200A3A9FA /* SceneDelegate.swift */; };
		85EBC91C246458D200A3A9FA /* ViewController.swift in Sources */ = {isa = PBXBuildFile; fileRef = 85EBC91B246458D200A3A9FA /* ViewController.swift */; };
		85EBC91F246458D200A3A9FA /* Main.storyboard in Resources */ = {isa = PBXBuildFile; fileRef = 85EBC91D246458D200A3A9FA /* Main.storyboard */; };
		85EBC921246458D400A3A9FA /* Assets.xcassets in Resources */ = {isa = PBXBuildFile; fileRef = 85EBC920246458D400A3A9FA /* Assets.xcassets */; };
		85EBC924246458D400A3A9FA /* LaunchScreen.storyboard in Resources */ = {isa = PBXBuildFile; fileRef = 85EBC922246458D400A3A9FA /* LaunchScreen.storyboard */; };
/* End PBXBuildFile section */

/* Begin PBXFileReference section */
		0C76E86EABCFC296C0013F86 /* Pods-App_IOS.debug.xcconfig */ = {isa = PBXFileReference; includeInIndex = 1; lastKnownFileType = text.xcconfig; name = "Pods-App_IOS.debug.xcconfig"; path = "Target Support Files/Pods-App_IOS/Pods-App_IOS.debug.xcconfig"; sourceTree = "<group>"; };
		2DDDDD4004D2EAC16F4877BC /* Pods_App_IOS.framework */ = {isa = PBXFileReference; explicitFileType = wrapper.framework; includeInIndex = 0; path = Pods_App_IOS.framework; sourceTree = BUILT_PRODUCTS_DIR; };
		85EBC914246458D200A3A9FA /* App_IOS.app */ = {isa = PBXFileReference; explicitFileType = wrapper.application; includeInIndex = 0; path = App_IOS.app; sourceTree = BUILT_PRODUCTS_DIR; };
		85EBC917246458D200A3A9FA /* AppDelegate.swift */ = {isa = PBXFileReference; lastKnownFileType = sourcecode.swift; path = AppDelegate.swift; sourceTree = "<group>"; };
		85EBC919246458D200A3A9FA /* SceneDelegate.swift */ = {isa = PBXFileReference; lastKnownFileType = sourcecode.swift; path = SceneDelegate.swift; sourceTree = "<group>"; };
		85EBC91B246458D200A3A9FA /* ViewController.swift */ = {isa = PBXFileReference; lastKnownFileType = sourcecode.swift; path = ViewController.swift; sourceTree = "<group>"; };
		85EBC91E246458D200A3A9FA /* Base */ = {isa = PBXFileReference; lastKnownFileType = file.storyboard; name = Base; path = Base.lproj/Main.storyboard; sourceTree = "<group>"; };
		85EBC920246458D400A3A9FA /* Assets.xcassets */ = {isa = PBXFileReference; lastKnownFileType = folder.assetcatalog; path = Assets.xcassets; sourceTree = "<group>"; };
		85EBC923246458D400A3A9FA /* Base */ = {isa = PBXFileReference; lastKnownFileType = file.storyboard; name = Base; path = Base.lproj/LaunchScreen.storyboard; sourceTree = "<group>"; };
		85EBC925246458D400A3A9FA /* Info.plist */ = {isa = PBXFileReference; lastKnownFileType = text.plist.xml; path = Info.plist; sourceTree = "<group>"; };
		CECE5B302D43537429BCBDF1 /* Pods-App_IOS.release.xcconfig */ = {isa = PBXFileReference; includeInIndex = 1; lastKnownFileType = text.xcconfig; name = "Pods-App_IOS.release.xcconfig"; path = "Target Support Files/Pods-App_IOS/Pods-App_IOS.release.xcconfig"; sourceTree = "<group>"; };
/* End PBXFileReference section */

/* Begin PBXFrameworksBuildPhase section */
		85EBC911246458D200A3A9FA /* Frameworks */ = {
			isa = PBXFrameworksBuildPhase;
			buildActionMask = 2147483647;
			files = (
				71B4C976B3D6800C979F5CAA /* Pods_App_IOS.framework in Frameworks */,
			);
			runOnlyForDeploymentPostprocessing = 0;
		};
/* End PBXFrameworksBuildPhase section */

/* Begin PBXGroup section */
		588AAC83D257AFB27CD99EF3 /* Pods */ = {
			isa = PBXGroup;
			children = (
				0C76E86EABCFC296C0013F86 /* Pods-App_IOS.debug.xcconfig */,
				CECE5B302D43537429BCBDF1 /* Pods-App_IOS.release.xcconfig */,
			);
			name = Pods;
			path = Pods;
			sourceTree = "<group>";
		};
		8140CB2C0FD1F943230CD6EA /* Frameworks */ = {
			isa = PBXGroup;
			children = (
				2DDDDD4004D2EAC16F4877BC /* Pods_App_IOS.framework */,
			);
			name = Frameworks;
			sourceTree = "<group>";
		};
		85EBC90B246458D200A3A9FA = {
			isa = PBXGroup;
			children = (
				85EBC916246458D200A3A9FA /* App_IOS */,
				85EBC915246458D200A3A9FA /* Products */,
				588AAC83D257AFB27CD99EF3 /* Pods */,
				8140CB2C0FD1F943230CD6EA /* Frameworks */,
			);
			sourceTree = "<group>";
		};
		85EBC915246458D200A3A9FA /* Products */ = {
			isa = PBXGroup;
			children = (
				85EBC914246458D200A3A9FA /* App_IOS.app */,
			);
			name = Products;
			sourceTree = "<group>";
		};
		85EBC916246458D200A3A9FA /* App_IOS */ = {
			isa = PBXGroup;
			children = (
				85EBC917246458D200A3A9FA /* AppDelegate.swift */,
				85EBC919246458D200A3A9FA /* SceneDelegate.swift */,
				85EBC91B246458D200A3A9FA /* ViewController.swift */,
				85EBC91D246458D200A3A9FA /* Main.storyboard */,
				85EBC920246458D400A3A9FA /* Assets.xcassets */,
				85EBC922246458D400A3A9FA /* LaunchScreen.storyboard */,
				85EBC925246458D400A3A9FA /* Info.plist */,
			);
			path = App_IOS;
			sourceTree = "<group>";
		};
/* End PBXGroup section */

/* Begin PBXNativeTarget section */
		85EBC913246458D200A3A9FA /* App_IOS */ = {
			isa = PBXNativeTarget;
			buildConfigurationList = 85EBC928246458D400A3A9FA /* Build configuration list for PBXNativeTarget "App_IOS" */;
			buildPhases = (
				C334A9D1467471836190EEE8 /* [CP] Check Pods Manifest.lock */,
				85EBC910246458D200A3A9FA /* Sources */,
				85EBC911246458D200A3A9FA /* Frameworks */,
				85EBC912246458D200A3A9FA /* Resources */,
				7D8C5C43305C047637D78358 /* [CP] Embed Pods Frameworks */,
			);
			buildRules = (
			);
			dependencies = (
			);
			name = App_IOS;
			productName = App_IOS;
			productReference = 85EBC914246458D200A3A9FA /* App_IOS.app */;
			productType = "com.apple.product-type.application";
		};
/* End PBXNativeTarget section */

/* Begin PBXProject section */
		85EBC90C246458D200A3A9FA /* Project object */ = {
			isa = PBXProject;
			attributes = {
				LastSwiftUpdateCheck = 1130;
				LastUpgradeCheck = 1130;
				ORGANIZATIONNAME = KhanhHung;
				TargetAttributes = {
					85EBC913246458D200A3A9FA = {
						CreatedOnToolsVersion = 11.3.1;
					};
				};
			};
			buildConfigurationList = 85EBC90F246458D200A3A9FA /* Build configuration list for PBXProject "App_IOS" */;
			compatibilityVersion = "Xcode 9.3";
			developmentRegion = en;
			hasScannedForEncodings = 0;
			knownRegions = (
				en,
				Base,
			);
			mainGroup = 85EBC90B246458D200A3A9FA;
			productRefGroup = 85EBC915246458D200A3A9FA /* Products */;
			projectDirPath = "";
			projectRoot = "";
			targets = (
				85EBC913246458D200A3A9FA /* App_IOS */,
			);
		};
/* End PBXProject section */

/* Begin PBXResourcesBuildPhase section */
		85EBC912246458D200A3A9FA /* Resources */ = {
			isa = PBXResourcesBuildPhase;
			buildActionMask = 2147483647;
			files = (
				85EBC924246458D400A3A9FA /* LaunchScreen.storyboard in Resources */,
				85EBC921246458D400A3A9FA /* Assets.xcassets in Resources */,
				85EBC91F246458D200A3A9FA /* Main.storyboard in Resources */,
			);
			runOnlyForDeploymentPostprocessing = 0;
		};
/* End PBXResourcesBuildPhase section */

/* Begin PBXShellScriptBuildPhase section */
		7D8C5C43305C047637D78358 /* [CP] Embed Pods Frameworks */ = {
			isa = PBXShellScriptBuildPhase;
			buildActionMask = 2147483647;
			files = (
			);
			inputFileListPaths = (
				"${PODS_ROOT}/Target Support Files/Pods-App_IOS/Pods-App_IOS-frameworks-${CONFIGURATION}-input-files.xcfilelist",
			);
			name = "[CP] Embed Pods Frameworks";
			outputFileListPaths = (
				"${PODS_ROOT}/Target Support Files/Pods-App_IOS/Pods-App_IOS-frameworks-${CONFIGURATION}-output-files.xcfilelist",
			);
			runOnlyForDeploymentPostprocessing = 0;
			shellPath = /bin/sh;
			shellScript = "\"${PODS_ROOT}/Target Support Files/Pods-App_IOS/Pods-App_IOS-frameworks.sh\"\n";
			showEnvVarsInLog = 0;
		};
		C334A9D1467471836190EEE8 /* [CP] Check Pods Manifest.lock */ = {
			isa = PBXShellScriptBuildPhase;
			buildActionMask = 2147483647;
			files = (
			);
			inputFileListPaths = (
			);
			inputPaths = (
				"${PODS_PODFILE_DIR_PATH}/Podfile.lock",
				"${PODS_ROOT}/Manifest.lock",
			);
			name = "[CP] Check Pods Manifest.lock";
			outputFileListPaths = (
			);
			outputPaths = (
				"$(DERIVED_FILE_DIR)/Pods-App_IOS-checkManifestLockResult.txt",
			);
			runOnlyForDeploymentPostprocessing = 0;
			shellPath = /bin/sh;
			shellScript = "diff \"${PODS_PODFILE_DIR_PATH}/Podfile.lock\" \"${PODS_ROOT}/Manifest.lock\" > /dev/null\nif [ $? != 0 ] ; then\n    # print error to STDERR\n    echo \"error: The sandbox is not in sync with the Podfile.lock. Run 'pod install' or update your CocoaPods installation.\" >&2\n    exit 1\nfi\n# This output is used by Xcode 'outputs' to avoid re-running this script phase.\necho \"SUCCESS\" > \"${SCRIPT_OUTPUT_FILE_0}\"\n";
			showEnvVarsInLog = 0;
		};
/* End PBXShellScriptBuildPhase section */

/* Begin PBXSourcesBuildPhase section */
		85EBC910246458D200A3A9FA /* Sources */ = {
			isa = PBXSourcesBuildPhase;
			buildActionMask = 2147483647;
			files = (
				85EBC91C246458D200A3A9FA /* ViewController.swift in Sources */,
				85EBC918246458D200A3A9FA /* AppDelegate.swift in Sources */,
				85EBC91A246458D200A3A9FA /* SceneDelegate.swift in Sources */,
			);
			runOnlyForDeploymentPostprocessing = 0;
		};
/* End PBXSourcesBuildPhase section */

/* Begin PBXVariantGroup section */
		85EBC91D246458D200A3A9FA /* Main.storyboard */ = {
			isa = PBXVariantGroup;
			children = (
				85EBC91E246458D200A3A9FA /* Base */,
			);
			name = Main.storyboard;
			sourceTree = "<group>";
		};
		85EBC922246458D400A3A9FA /* LaunchScreen.storyboard */ = {
			isa = PBXVariantGroup;
			children = (
				85EBC923246458D400A3A9FA /* Base */,
			);
			name = LaunchScreen.storyboard;
			sourceTree = "<group>";
		};
/* End PBXVariantGroup section */

/* Begin XCBuildConfiguration section */
		85EBC926246458D400A3A9FA /* Debug */ = {
			isa = XCBuildConfiguration;
			buildSettings = {
				ALWAYS_SEARCH_USER_PATHS = NO;
				CLANG_ANALYZER_NONNULL = YES;
				CLANG_ANALYZER_NUMBER_OBJECT_CONVERSION = YES_AGGRESSIVE;
				CLANG_CXX_LANGUAGE_STANDARD = "gnu++14";
				CLANG_CXX_LIBRARY = "libc++";
				CLANG_ENABLE_MODULES = YES;
				CLANG_ENABLE_OBJC_ARC = YES;
				CLANG_ENABLE_OBJC_WEAK = YES;
				CLANG_WARN_BLOCK_CAPTURE_AUTORELEASING = YES;
				CLANG_WARN_BOOL_CONVERSION = YES;
				CLANG_WARN_COMMA = YES;
				CLANG_WARN_CONSTANT_CONVERSION = YES;
				CLANG_WARN_DEPRECATED_OBJC_IMPLEMENTATIONS = YES;
				CLANG_WARN_DIRECT_OBJC_ISA_USAGE = YES_ERROR;
				CLANG_WARN_DOCUMENTATION_COMMENTS = YES;
				CLANG_WARN_EMPTY_BODY = YES;
				CLANG_WARN_ENUM_CONVERSION = YES;
				CLANG_WARN_INFINITE_RECURSION = YES;
				CLANG_WARN_INT_CONVERSION = YES;
				CLANG_WARN_NON_LITERAL_NULL_CONVERSION = YES;
				CLANG_WARN_OBJC_IMPLICIT_RETAIN_SELF = YES;
				CLANG_WARN_OBJC_LITERAL_CONVERSION = YES;
				CLANG_WARN_OBJC_ROOT_CLASS = YES_ERROR;
				CLANG_WARN_RANGE_LOOP_ANALYSIS = YES;
				CLANG_WARN_STRICT_PROTOTYPES = YES;
				CLANG_WARN_SUSPICIOUS_MOVE = YES;
				CLANG_WARN_UNGUARDED_AVAILABILITY = YES_AGGRESSIVE;
				CLANG_WARN_UNREACHABLE_CODE = YES;
				CLANG_WARN__DUPLICATE_METHOD_MATCH = YES;
				COPY_PHASE_STRIP = NO;
				DEBUG_INFORMATION_FORMAT = dwarf;
				ENABLE_STRICT_OBJC_MSGSEND = YES;
				ENABLE_TESTABILITY = YES;
				GCC_C_LANGUAGE_STANDARD = gnu11;
				GCC_DYNAMIC_NO_PIC = NO;
				GCC_NO_COMMON_BLOCKS = YES;
				GCC_OPTIMIZATION_LEVEL = 0;
				GCC_PREPROCESSOR_DEFINITIONS = (
					"DEBUG=1",
					"$(inherited)",
				);
				GCC_WARN_64_TO_32_BIT_CONVERSION = YES;
				GCC_WARN_ABOUT_RETURN_TYPE = YES_ERROR;
				GCC_WARN_UNDECLARED_SELECTOR = YES;
				GCC_WARN_UNINITIALIZED_AUTOS = YES_AGGRESSIVE;
				GCC_WARN_UNUSED_FUNCTION = YES;
				GCC_WARN_UNUSED_VARIABLE = YES;
				IPHONEOS_DEPLOYMENT_TARGET = 13.2;
				MTL_ENABLE_DEBUG_INFO = INCLUDE_SOURCE;
				MTL_FAST_MATH = YES;
				ONLY_ACTIVE_ARCH = YES;
				SDKROOT = iphoneos;
				SWIFT_ACTIVE_COMPILATION_CONDITIONS = DEBUG;
				SWIFT_OPTIMIZATION_LEVEL = "-Onone";
			};
			name = Debug;
		};
		85EBC927246458D400A3A9FA /* Release */ = {
			isa = XCBuildConfiguration;
			buildSettings = {
				ALWAYS_SEARCH_USER_PATHS = NO;
				CLANG_ANALYZER_NONNULL = YES;
				CLANG_ANALYZER_NUMBER_OBJECT_CONVERSION = YES_AGGRESSIVE;
				CLANG_CXX_LANGUAGE_STANDARD = "gnu++14";
				CLANG_CXX_LIBRARY = "libc++";
				CLANG_ENABLE_MODULES = YES;
				CLANG_ENABLE_OBJC_ARC = YES;
				CLANG_ENABLE_OBJC_WEAK = YES;
				CLANG_WARN_BLOCK_CAPTURE_AUTORELEASING = YES;
				CLANG_WARN_BOOL_CONVERSION = YES;
				CLANG_WARN_COMMA = YES;
				CLANG_WARN_CONSTANT_CONVERSION = YES;
				CLANG_WARN_DEPRECATED_OBJC_IMPLEMENTATIONS = YES;
				CLANG_WARN_DIRECT_OBJC_ISA_USAGE = YES_ERROR;
				CLANG_WARN_DOCUMENTATION_COMMENTS = YES;
				CLANG_WARN_EMPTY_BODY = YES;
				CLANG_WARN_ENUM_CONVERSION = YES;
				CLANG_WARN_INFINITE_RECURSION = YES;
				CLANG_WARN_INT_CONVERSION = YES;
				CLANG_WARN_NON_LITERAL_NULL_CONVERSION = YES;
				CLANG_WARN_OBJC_IMPLICIT_RETAIN_SELF = YES;
				CLANG_WARN_OBJC_LITERAL_CONVERSION = YES;
				CLANG_WARN_OBJC_ROOT_CLASS = YES_ERROR;
				CLANG_WARN_RANGE_LOOP_ANALYSIS = YES;
				CLANG_WARN_STRICT_PROTOTYPES = YES;
				CLANG_WARN_SUSPICIOUS_MOVE = YES;
				CLANG_WARN_UNGUARDED_AVAILABILITY = YES_AGGRESSIVE;
				CLANG_WARN_UNREACHABLE_CODE = YES;
				CLANG_WARN__DUPLICATE_METHOD_MATCH = YES;
				COPY_PHASE_STRIP = NO;
				DEBUG_INFORMATION_FORMAT = "dwarf-with-dsym";
				ENABLE_NS_ASSERTIONS = NO;
				ENABLE_STRICT_OBJC_MSGSEND = YES;
				GCC_C_LANGUAGE_STANDARD = gnu11;
				GCC_NO_COMMON_BLOCKS = YES;
				GCC_WARN_64_TO_32_BIT_CONVERSION = YES;
				GCC_WARN_ABOUT_RETURN_TYPE = YES_ERROR;
				GCC_WARN_UNDECLARED_SELECTOR = YES;
				GCC_WARN_UNINITIALIZED_AUTOS = YES_AGGRESSIVE;
				GCC_WARN_UNUSED_FUNCTION = YES;
				GCC_WARN_UNUSED_VARIABLE = YES;
				IPHONEOS_DEPLOYMENT_TARGET = 13.2;
				MTL_ENABLE_DEBUG_INFO = NO;
				MTL_FAST_MATH = YES;
				SDKROOT = iphoneos;
				SWIFT_COMPILATION_MODE = wholemodule;
				SWIFT_OPTIMIZATION_LEVEL = "-O";
				VALIDATE_PRODUCT = YES;
			};
			name = Release;
		};
		85EBC929246458D400A3A9FA /* Debug */ = {
			isa = XCBuildConfiguration;
			baseConfigurationReference = 0C76E86EABCFC296C0013F86 /* Pods-App_IOS.debug.xcconfig */;
			buildSettings = {
				ASSETCATALOG_COMPILER_APPICON_NAME = AppIcon;
				CODE_SIGN_STYLE = Automatic;
				DEVELOPMENT_TEAM = 9VNJ56KPX5;
				INFOPLIST_FILE = App_IOS/Info.plist;
				LD_RUNPATH_SEARCH_PATHS = (
					"$(inherited)",
					"@executable_path/Frameworks",
				);
				PRODUCT_BUNDLE_IDENTIFIER = "KhanhHung.App-IOS";
				PRODUCT_NAME = "$(TARGET_NAME)";
				SWIFT_VERSION = 5.0;
				TARGETED_DEVICE_FAMILY = "1,2";
			};
			name = Debug;
		};
		85EBC92A246458D400A3A9FA /* Release */ = {
			isa = XCBuildConfiguration;
			baseConfigurationReference = CECE5B302D43537429BCBDF1 /* Pods-App_IOS.release.xcconfig */;
			buildSettings = {
				ASSETCATALOG_COMPILER_APPICON_NAME = AppIcon;
				CODE_SIGN_STYLE = Automatic;
				DEVELOPMENT_TEAM = 9VNJ56KPX5;
				INFOPLIST_FILE = App_IOS/Info.plist;
				LD_RUNPATH_SEARCH_PATHS = (
					"$(inherited)",
					"@executable_path/Frameworks",
				);
				PRODUCT_BUNDLE_IDENTIFIER = "KhanhHung.App-IOS";
				PRODUCT_NAME = "$(TARGET_NAME)";
				SWIFT_VERSION = 5.0;
				TARGETED_DEVICE_FAMILY = "1,2";
			};
			name = Release;
		};
/* End XCBuildConfiguration section */

/* Begin XCConfigurationList section */
		85EBC90F246458D200A3A9FA /* Build configuration list for PBXProject "App_IOS" */ = {
			isa = XCConfigurationList;
			buildConfigurations = (
				85EBC926246458D400A3A9FA /* Debug */,
				85EBC927246458D400A3A9FA /* Release */,
			);
			defaultConfigurationIsVisible = 0;
			defaultConfigurationName = Release;
		};
		85EBC928246458D400A3A9FA /* Build configuration list for PBXNativeTarget "App_IOS" */ = {
			isa = XCConfigurationList;
			buildConfigurations = (
				85EBC929246458D400A3A9FA /* Debug */,
				85EBC92A246458D400A3A9FA /* Release */,
			);
			defaultConfigurationIsVisible = 0;
			defaultConfigurationName = Release;
		};
/* End XCConfigurationList section */
	};
	rootObject = 85EBC90C246458D200A3A9FA /* Project object */;
}
